// !$*UTF8*$!
{
	archiveVersion = 1;
	classes = {
	};
	objectVersion = 56;
	objects = {

/* Begin PBXBuildFile section */
		3DA2165A29136492008BF507 /* AppDelegate.swift in Sources */ = {isa = PBXBuildFile; fileRef = 3DA2165929136492008BF507 /* AppDelegate.swift */; };
		3DA2165C29136492008BF507 /* SceneDelegate.swift in Sources */ = {isa = PBXBuildFile; fileRef = 3DA2165B29136492008BF507 /* SceneDelegate.swift */; };
		3DA2165E29136492008BF507 /* ViewController.swift in Sources */ = {isa = PBXBuildFile; fileRef = 3DA2165D29136492008BF507 /* ViewController.swift */; };
		3DA2166129136492008BF507 /* Main.storyboard in Resources */ = {isa = PBXBuildFile; fileRef = 3DA2165F29136492008BF507 /* Main.storyboard */; };
		3DA2166329136493008BF507 /* Assets.xcassets in Resources */ = {isa = PBXBuildFile; fileRef = 3DA2166229136493008BF507 /* Assets.xcassets */; };
		3DA2166629136493008BF507 /* LaunchScreen.storyboard in Resources */ = {isa = PBXBuildFile; fileRef = 3DA2166429136493008BF507 /* LaunchScreen.storyboard */; };
		3DA2167129136493008BF507 /* CyberpunkChooserAppTests.swift in Sources */ = {isa = PBXBuildFile; fileRef = 3DA2167029136493008BF507 /* CyberpunkChooserAppTests.swift */; };
		3DA2167B29136493008BF507 /* CyberpunkChooserAppUITests.swift in Sources */ = {isa = PBXBuildFile; fileRef = 3DA2167A29136493008BF507 /* CyberpunkChooserAppUITests.swift */; };
		3DA2167D29136493008BF507 /* CyberpunkChooserAppUITestsLaunchTests.swift in Sources */ = {isa = PBXBuildFile; fileRef = 3DA2167C29136493008BF507 /* CyberpunkChooserAppUITestsLaunchTests.swift */; };
/* End PBXBuildFile section */

/* Begin PBXContainerItemProxy section */
		3DA2166D29136493008BF507 /* PBXContainerItemProxy */ = {
			isa = PBXContainerItemProxy;
			containerPortal = 3DA2164E29136492008BF507 /* Project object */;
			proxyType = 1;
			remoteGlobalIDString = 3DA2165529136492008BF507;
			remoteInfo = CyberpunkChooserApp;
		};
		3DA2167729136493008BF507 /* PBXContainerItemProxy */ = {
			isa = PBXContainerItemProxy;
			containerPortal = 3DA2164E29136492008BF507 /* Project object */;
			proxyType = 1;
			remoteGlobalIDString = 3DA2165529136492008BF507;
			remoteInfo = CyberpunkChooserApp;
		};
/* End PBXContainerItemProxy section */

/* Begin PBXFileReference section */
		3DA2165629136492008BF507 /* CyberpunkChooserApp.app */ = {isa = PBXFileReference; explicitFileType = wrapper.application; includeInIndex = 0; path = CyberpunkChooserApp.app; sourceTree = BUILT_PRODUCTS_DIR; };
		3DA2165929136492008BF507 /* AppDelegate.swift */ = {isa = PBXFileReference; lastKnownFileType = sourcecode.swift; path = AppDelegate.swift; sourceTree = "<group>"; };
		3DA2165B29136492008BF507 /* SceneDelegate.swift */ = {isa = PBXFileReference; lastKnownFileType = sourcecode.swift; path = SceneDelegate.swift; sourceTree = "<group>"; };
		3DA2165D29136492008BF507 /* ViewController.swift */ = {isa = PBXFileReference; lastKnownFileType = sourcecode.swift; path = ViewController.swift; sourceTree = "<group>"; };
		3DA2166029136492008BF507 /* Base */ = {isa = PBXFileReference; lastKnownFileType = file.storyboard; name = Base; path = Base.lproj/Main.storyboard; sourceTree = "<group>"; };
		3DA2166229136493008BF507 /* Assets.xcassets */ = {isa = PBXFileReference; lastKnownFileType = folder.assetcatalog; path = Assets.xcassets; sourceTree = "<group>"; };
		3DA2166529136493008BF507 /* Base */ = {isa = PBXFileReference; lastKnownFileType = file.storyboard; name = Base; path = Base.lproj/LaunchScreen.storyboard; sourceTree = "<group>"; };
		3DA2166729136493008BF507 /* Info.plist */ = {isa = PBXFileReference; lastKnownFileType = text.plist.xml; path = Info.plist; sourceTree = "<group>"; };
		3DA2166C29136493008BF507 /* CyberpunkChooserAppTests.xctest */ = {isa = PBXFileReference; explicitFileType = wrapper.cfbundle; includeInIndex = 0; path = CyberpunkChooserAppTests.xctest; sourceTree = BUILT_PRODUCTS_DIR; };
		3DA2167029136493008BF507 /* CyberpunkChooserAppTests.swift */ = {isa = PBXFileReference; lastKnownFileType = sourcecode.swift; path = CyberpunkChooserAppTests.swift; sourceTree = "<group>"; };
		3DA2167629136493008BF507 /* CyberpunkChooserAppUITests.xctest */ = {isa = PBXFileReference; explicitFileType = wrapper.cfbundle; includeInIndex = 0; path = CyberpunkChooserAppUITests.xctest; sourceTree = BUILT_PRODUCTS_DIR; };
		3DA2167A29136493008BF507 /* CyberpunkChooserAppUITests.swift */ = {isa = PBXFileReference; lastKnownFileType = sourcecode.swift; path = CyberpunkChooserAppUITests.swift; sourceTree = "<group>"; };
		3DA2167C29136493008BF507 /* CyberpunkChooserAppUITestsLaunchTests.swift */ = {isa = PBXFileReference; lastKnownFileType = sourcecode.swift; path = CyberpunkChooserAppUITestsLaunchTests.swift; sourceTree = "<group>"; };
/* End PBXFileReference section */

/* Begin PBXFrameworksBuildPhase section */
		3DA2165329136492008BF507 /* Frameworks */ = {
			isa = PBXFrameworksBuildPhase;
			buildActionMask = 2147483647;
			files = (
			);
			runOnlyForDeploymentPostprocessing = 0;
		};
		3DA2166929136493008BF507 /* Frameworks */ = {
			isa = PBXFrameworksBuildPhase;
			buildActionMask = 2147483647;
			files = (
			);
			runOnlyForDeploymentPostprocessing = 0;
		};
		3DA2167329136493008BF507 /* Frameworks */ = {
			isa = PBXFrameworksBuildPhase;
			buildActionMask = 2147483647;
			files = (
			);
			runOnlyForDeploymentPostprocessing = 0;
		};
/* End PBXFrameworksBuildPhase section */

/* Begin PBXGroup section */
		3DA2164D29136492008BF507 = {
			isa = PBXGroup;
			children = (
				3DA2165829136492008BF507 /* CyberpunkChooserApp */,
				3DA2166F29136493008BF507 /* CyberpunkChooserAppTests */,
				3DA2167929136493008BF507 /* CyberpunkChooserAppUITests */,
				3DA2165729136492008BF507 /* Products */,
			);
			sourceTree = "<group>";
		};
		3DA2165729136492008BF507 /* Products */ = {
			isa = PBXGroup;
			children = (
				3DA2165629136492008BF507 /* CyberpunkChooserApp.app */,
				3DA2166C29136493008BF507 /* CyberpunkChooserAppTests.xctest */,
				3DA2167629136493008BF507 /* CyberpunkChooserAppUITests.xctest */,
			);
			name = Products;
			sourceTree = "<group>";
		};
		3DA2165829136492008BF507 /* CyberpunkChooserApp */ = {
			isa = PBXGroup;
			children = (
				3DA2165929136492008BF507 /* AppDelegate.swift */,
				3DA2165B29136492008BF507 /* SceneDelegate.swift */,
				3DA2165D29136492008BF507 /* ViewController.swift */,
				3DA2165F29136492008BF507 /* Main.storyboard */,
				3DA2166229136493008BF507 /* Assets.xcassets */,
				3DA2166429136493008BF507 /* LaunchScreen.storyboard */,
				3DA2166729136493008BF507 /* Info.plist */,
			);
			path = CyberpunkChooserApp;
			sourceTree = "<group>";
		};
		3DA2166F29136493008BF507 /* CyberpunkChooserAppTests */ = {
			isa = PBXGroup;
			children = (
				3DA2167029136493008BF507 /* CyberpunkChooserAppTests.swift */,
			);
			path = CyberpunkChooserAppTests;
			sourceTree = "<group>";
		};
		3DA2167929136493008BF507 /* CyberpunkChooserAppUITests */ = {
			isa = PBXGroup;
			children = (
				3DA2167A29136493008BF507 /* CyberpunkChooserAppUITests.swift */,
				3DA2167C29136493008BF507 /* CyberpunkChooserAppUITestsLaunchTests.swift */,
			);
			path = CyberpunkChooserAppUITests;
			sourceTree = "<group>";
		};
/* End PBXGroup section */

/* Begin PBXNativeTarget section */
		3DA2165529136492008BF507 /* CyberpunkChooserApp */ = {
			isa = PBXNativeTarget;
			buildConfigurationList = 3DA2168029136493008BF507 /* Build configuration list for PBXNativeTarget "CyberpunkChooserApp" */;
			buildPhases = (
				3DA2165229136492008BF507 /* Sources */,
				3DA2165329136492008BF507 /* Frameworks */,
				3DA2165429136492008BF507 /* Resources */,
			);
			buildRules = (
			);
			dependencies = (
			);
			name = CyberpunkChooserApp;
			productName = CyberpunkChooserApp;
			productReference = 3DA2165629136492008BF507 /* CyberpunkChooserApp.app */;
			productType = "com.apple.product-type.application";
		};
		3DA2166B29136493008BF507 /* CyberpunkChooserAppTests */ = {
			isa = PBXNativeTarget;
			buildConfigurationList = 3DA2168329136493008BF507 /* Build configuration list for PBXNativeTarget "CyberpunkChooserAppTests" */;
			buildPhases = (
				3DA2166829136493008BF507 /* Sources */,
				3DA2166929136493008BF507 /* Frameworks */,
				3DA2166A29136493008BF507 /* Resources */,
			);
			buildRules = (
			);
			dependencies = (
				3DA2166E29136493008BF507 /* PBXTargetDependency */,
			);
			name = CyberpunkChooserAppTests;
			productName = CyberpunkChooserAppTests;
			productReference = 3DA2166C29136493008BF507 /* CyberpunkChooserAppTests.xctest */;
			productType = "com.apple.product-type.bundle.unit-test";
		};
		3DA2167529136493008BF507 /* CyberpunkChooserAppUITests */ = {
			isa = PBXNativeTarget;
			buildConfigurationList = 3DA2168629136493008BF507 /* Build configuration list for PBXNativeTarget "CyberpunkChooserAppUITests" */;
			buildPhases = (
				3DA2167229136493008BF507 /* Sources */,
				3DA2167329136493008BF507 /* Frameworks */,
				3DA2167429136493008BF507 /* Resources */,
			);
			buildRules = (
			);
			dependencies = (
				3DA2167829136493008BF507 /* PBXTargetDependency */,
			);
			name = CyberpunkChooserAppUITests;
			productName = CyberpunkChooserAppUITests;
			productReference = 3DA2167629136493008BF507 /* CyberpunkChooserAppUITests.xctest */;
			productType = "com.apple.product-type.bundle.ui-testing";
		};
/* End PBXNativeTarget section */

/* Begin PBXProject section */
		3DA2164E29136492008BF507 /* Project object */ = {
			isa = PBXProject;
			attributes = {
				BuildIndependentTargetsInParallel = 1;
				LastSwiftUpdateCheck = 1400;
				LastUpgradeCheck = 1400;
				TargetAttributes = {
					3DA2165529136492008BF507 = {
						CreatedOnToolsVersion = 14.0.1;
					};
					3DA2166B29136493008BF507 = {
						CreatedOnToolsVersion = 14.0.1;
						TestTargetID = 3DA2165529136492008BF507;
					};
					3DA2167529136493008BF507 = {
						CreatedOnToolsVersion = 14.0.1;
						TestTargetID = 3DA2165529136492008BF507;
					};
				};
			};
			buildConfigurationList = 3DA2165129136492008BF507 /* Build configuration list for PBXProject "CyberpunkChooserApp" */;
			compatibilityVersion = "Xcode 14.0";
			developmentRegion = en;
			hasScannedForEncodings = 0;
			knownRegions = (
				en,
				Base,
			);
			mainGroup = 3DA2164D29136492008BF507;
			productRefGroup = 3DA2165729136492008BF507 /* Products */;
			projectDirPath = "";
			projectRoot = "";
			targets = (
				3DA2165529136492008BF507 /* CyberpunkChooserApp */,
				3DA2166B29136493008BF507 /* CyberpunkChooserAppTests */,
				3DA2167529136493008BF507 /* CyberpunkChooserAppUITests */,
			);
		};
/* End PBXProject section */

/* Begin PBXResourcesBuildPhase section */
		3DA2165429136492008BF507 /* Resources */ = {
			isa = PBXResourcesBuildPhase;
			buildActionMask = 2147483647;
			files = (
				3DA2166629136493008BF507 /* LaunchScreen.storyboard in Resources */,
				3DA2166329136493008BF507 /* Assets.xcassets in Resources */,
				3DA2166129136492008BF507 /* Main.storyboard in Resources */,
			);
			runOnlyForDeploymentPostprocessing = 0;
		};
		3DA2166A29136493008BF507 /* Resources */ = {
			isa = PBXResourcesBuildPhase;
			buildActionMask = 2147483647;
			files = (
			);
			runOnlyForDeploymentPostprocessing = 0;
		};
		3DA2167429136493008BF507 /* Resources */ = {
			isa = PBXResourcesBuildPhase;
			buildActionMask = 2147483647;
			files = (
			);
			runOnlyForDeploymentPostprocessing = 0;
		};
/* End PBXResourcesBuildPhase section */

/* Begin PBXSourcesBuildPhase section */
		3DA2165229136492008BF507 /* Sources */ = {
			isa = PBXSourcesBuildPhase;
			buildActionMask = 2147483647;
			files = (
				3DA2165E29136492008BF507 /* ViewController.swift in Sources */,
				3DA2165A29136492008BF507 /* AppDelegate.swift in Sources */,
				3DA2165C29136492008BF507 /* SceneDelegate.swift in Sources */,
			);
			runOnlyForDeploymentPostprocessing = 0;
		};
		3DA2166829136493008BF507 /* Sources */ = {
			isa = PBXSourcesBuildPhase;
			buildActionMask = 2147483647;
			files = (
				3DA2167129136493008BF507 /* CyberpunkChooserAppTests.swift in Sources */,
			);
			runOnlyForDeploymentPostprocessing = 0;
		};
		3DA2167229136493008BF507 /* Sources */ = {
			isa = PBXSourcesBuildPhase;
			buildActionMask = 2147483647;
			files = (
				3DA2167D29136493008BF507 /* CyberpunkChooserAppUITestsLaunchTests.swift in Sources */,
				3DA2167B29136493008BF507 /* CyberpunkChooserAppUITests.swift in Sources */,
			);
			runOnlyForDeploymentPostprocessing = 0;
		};
/* End PBXSourcesBuildPhase section */

/* Begin PBXTargetDependency section */
		3DA2166E29136493008BF507 /* PBXTargetDependency */ = {
			isa = PBXTargetDependency;
			target = 3DA2165529136492008BF507 /* CyberpunkChooserApp */;
			targetProxy = 3DA2166D29136493008BF507 /* PBXContainerItemProxy */;
		};
		3DA2167829136493008BF507 /* PBXTargetDependency */ = {
			isa = PBXTargetDependency;
			target = 3DA2165529136492008BF507 /* CyberpunkChooserApp */;
			targetProxy = 3DA2167729136493008BF507 /* PBXContainerItemProxy */;
		};
/* End PBXTargetDependency section */

/* Begin PBXVariantGroup section */
		3DA2165F29136492008BF507 /* Main.storyboard */ = {
			isa = PBXVariantGroup;
			children = (
				3DA2166029136492008BF507 /* Base */,
			);
			name = Main.storyboard;
			sourceTree = "<group>";
		};
		3DA2166429136493008BF507 /* LaunchScreen.storyboard */ = {
			isa = PBXVariantGroup;
			children = (
				3DA2166529136493008BF507 /* Base */,
			);
			name = LaunchScreen.storyboard;
			sourceTree = "<group>";
		};
/* End PBXVariantGroup section */

/* Begin XCBuildConfiguration section */
		3DA2167E29136493008BF507 /* Debug */ = {
			isa = XCBuildConfiguration;
			buildSettings = {
				ALWAYS_SEARCH_USER_PATHS = NO;
				CLANG_ANALYZER_NONNULL = YES;
				CLANG_ANALYZER_NUMBER_OBJECT_CONVERSION = YES_AGGRESSIVE;
				CLANG_CXX_LANGUAGE_STANDARD = "gnu++20";
				CLANG_ENABLE_MODULES = YES;
				CLANG_ENABLE_OBJC_ARC = YES;
				CLANG_ENABLE_OBJC_WEAK = YES;
				CLANG_WARN_BLOCK_CAPTURE_AUTORELEASING = YES;
				CLANG_WARN_BOOL_CONVERSION = YES;
				CLANG_WARN_COMMA = YES;
				CLANG_WARN_CONSTANT_CONVERSION = YES;
				CLANG_WARN_DEPRECATED_OBJC_IMPLEMENTATIONS = YES;
				CLANG_WARN_DIRECT_OBJC_ISA_USAGE = YES_ERROR;
				CLANG_WARN_DOCUMENTATION_COMMENTS = YES;
				CLANG_WARN_EMPTY_BODY = YES;
				CLANG_WARN_ENUM_CONVERSION = YES;
				CLANG_WARN_INFINITE_RECURSION = YES;
				CLANG_WARN_INT_CONVERSION = YES;
				CLANG_WARN_NON_LITERAL_NULL_CONVERSION = YES;
				CLANG_WARN_OBJC_IMPLICIT_RETAIN_SELF = YES;
				CLANG_WARN_OBJC_LITERAL_CONVERSION = YES;
				CLANG_WARN_OBJC_ROOT_CLASS = YES_ERROR;
				CLANG_WARN_QUOTED_INCLUDE_IN_FRAMEWORK_HEADER = YES;
				CLANG_WARN_RANGE_LOOP_ANALYSIS = YES;
				CLANG_WARN_STRICT_PROTOTYPES = YES;
				CLANG_WARN_SUSPICIOUS_MOVE = YES;
				CLANG_WARN_UNGUARDED_AVAILABILITY = YES_AGGRESSIVE;
				CLANG_WARN_UNREACHABLE_CODE = YES;
				CLANG_WARN__DUPLICATE_METHOD_MATCH = YES;
				COPY_PHASE_STRIP = NO;
				DEBUG_INFORMATION_FORMAT = dwarf;
				ENABLE_STRICT_OBJC_MSGSEND = YES;
				ENABLE_TESTABILITY = YES;
				GCC_C_LANGUAGE_STANDARD = gnu11;
				GCC_DYNAMIC_NO_PIC = NO;
				GCC_NO_COMMON_BLOCKS = YES;
				GCC_OPTIMIZATION_LEVEL = 0;
				GCC_PREPROCESSOR_DEFINITIONS = (
					"DEBUG=1",
					"$(inherited)",
				);
				GCC_WARN_64_TO_32_BIT_CONVERSION = YES;
				GCC_WARN_ABOUT_RETURN_TYPE = YES_ERROR;
				GCC_WARN_UNDECLARED_SELECTOR = YES;
				GCC_WARN_UNINITIALIZED_AUTOS = YES_AGGRESSIVE;
				GCC_WARN_UNUSED_FUNCTION = YES;
				GCC_WARN_UNUSED_VARIABLE = YES;
				IPHONEOS_DEPLOYMENT_TARGET = 16.0;
				MTL_ENABLE_DEBUG_INFO = INCLUDE_SOURCE;
				MTL_FAST_MATH = YES;
				ONLY_ACTIVE_ARCH = YES;
				SDKROOT = iphoneos;
				SWIFT_ACTIVE_COMPILATION_CONDITIONS = DEBUG;
				SWIFT_OPTIMIZATION_LEVEL = "-Onone";
			};
			name = Debug;
		};
		3DA2167F29136493008BF507 /* Release */ = {
			isa = XCBuildConfiguration;
			buildSettings = {
				ALWAYS_SEARCH_USER_PATHS = NO;
				CLANG_ANALYZER_NONNULL = YES;
				CLANG_ANALYZER_NUMBER_OBJECT_CONVERSION = YES_AGGRESSIVE;
				CLANG_CXX_LANGUAGE_STANDARD = "gnu++20";
				CLANG_ENABLE_MODULES = YES;
				CLANG_ENABLE_OBJC_ARC = YES;
				CLANG_ENABLE_OBJC_WEAK = YES;
				CLANG_WARN_BLOCK_CAPTURE_AUTORELEASING = YES;
				CLANG_WARN_BOOL_CONVERSION = YES;
				CLANG_WARN_COMMA = YES;
				CLANG_WARN_CONSTANT_CONVERSION = YES;
				CLANG_WARN_DEPRECATED_OBJC_IMPLEMENTATIONS = YES;
				CLANG_WARN_DIRECT_OBJC_ISA_USAGE = YES_ERROR;
				CLANG_WARN_DOCUMENTATION_COMMENTS = YES;
				CLANG_WARN_EMPTY_BODY = YES;
				CLANG_WARN_ENUM_CONVERSION = YES;
				CLANG_WARN_INFINITE_RECURSION = YES;
				CLANG_WARN_INT_CONVERSION = YES;
				CLANG_WARN_NON_LITERAL_NULL_CONVERSION = YES;
				CLANG_WARN_OBJC_IMPLICIT_RETAIN_SELF = YES;
				CLANG_WARN_OBJC_LITERAL_CONVERSION = YES;
				CLANG_WARN_OBJC_ROOT_CLASS = YES_ERROR;
				CLANG_WARN_QUOTED_INCLUDE_IN_FRAMEWORK_HEADER = YES;
				CLANG_WARN_RANGE_LOOP_ANALYSIS = YES;
				CLANG_WARN_STRICT_PROTOTYPES = YES;
				CLANG_WARN_SUSPICIOUS_MOVE = YES;
				CLANG_WARN_UNGUARDED_AVAILABILITY = YES_AGGRESSIVE;
				CLANG_WARN_UNREACHABLE_CODE = YES;
				CLANG_WARN__DUPLICATE_METHOD_MATCH = YES;
				COPY_PHASE_STRIP = NO;
				DEBUG_INFORMATION_FORMAT = "dwarf-with-dsym";
				ENABLE_NS_ASSERTIONS = NO;
				ENABLE_STRICT_OBJC_MSGSEND = YES;
				GCC_C_LANGUAGE_STANDARD = gnu11;
				GCC_NO_COMMON_BLOCKS = YES;
				GCC_WARN_64_TO_32_BIT_CONVERSION = YES;
				GCC_WARN_ABOUT_RETURN_TYPE = YES_ERROR;
				GCC_WARN_UNDECLARED_SELECTOR = YES;
				GCC_WARN_UNINITIALIZED_AUTOS = YES_AGGRESSIVE;
				GCC_WARN_UNUSED_FUNCTION = YES;
				GCC_WARN_UNUSED_VARIABLE = YES;
				IPHONEOS_DEPLOYMENT_TARGET = 16.0;
				MTL_ENABLE_DEBUG_INFO = NO;
				MTL_FAST_MATH = YES;
				SDKROOT = iphoneos;
				SWIFT_COMPILATION_MODE = wholemodule;
				SWIFT_OPTIMIZATION_LEVEL = "-O";
				VALIDATE_PRODUCT = YES;
			};
			name = Release;
		};
		3DA2168129136493008BF507 /* Debug */ = {
			isa = XCBuildConfiguration;
			buildSettings = {
				ASSETCATALOG_COMPILER_APPICON_NAME = AppIcon;
				ASSETCATALOG_COMPILER_GLOBAL_ACCENT_COLOR_NAME = AccentColor;
				CODE_SIGN_STYLE = Automatic;
				CURRENT_PROJECT_VERSION = 1;
				GENERATE_INFOPLIST_FILE = YES;
				INFOPLIST_FILE = CyberpunkChooserApp/Info.plist;
				INFOPLIST_KEY_UIApplicationSupportsIndirectInputEvents = YES;
				INFOPLIST_KEY_UILaunchStoryboardName = LaunchScreen;
				INFOPLIST_KEY_UIMainStoryboardFile = Main;
				INFOPLIST_KEY_UISupportedInterfaceOrientations_iPad = "UIInterfaceOrientationPortrait UIInterfaceOrientationPortraitUpsideDown UIInterfaceOrientationLandscapeLeft UIInterfaceOrientationLandscapeRight";
				INFOPLIST_KEY_UISupportedInterfaceOrientations_iPhone = "UIInterfaceOrientationPortrait UIInterfaceOrientationLandscapeLeft UIInterfaceOrientationLandscapeRight";
				LD_RUNPATH_SEARCH_PATHS = (
					"$(inherited)",
					"@executable_path/Frameworks",
				);
				MARKETING_VERSION = 1.0;
				PRODUCT_BUNDLE_IDENTIFIER = com.williamjiamin.CyberpunkChooserApp;
				PRODUCT_NAME = "$(TARGET_NAME)";
				SWIFT_EMIT_LOC_STRINGS = YES;
				SWIFT_VERSION = 5.0;
				TARGETED_DEVICE_FAMILY = "1,2";
			};
			name = Debug;
		};
		3DA2168229136493008BF507 /* Release */ = {
			isa = XCBuildConfiguration;
			buildSettings = {
				ASSETCATALOG_COMPILER_APPICON_NAME = AppIcon;
				ASSETCATALOG_COMPILER_GLOBAL_ACCENT_COLOR_NAME = AccentColor;
				CODE_SIGN_STYLE = Automatic;
				CURRENT_PROJECT_VERSION = 1;
				GENERATE_INFOPLIST_FILE = YES;
				INFOPLIST_FILE = CyberpunkChooserApp/Info.plist;
				INFOPLIST_KEY_UIApplicationSupportsIndirectInputEvents = YES;
				INFOPLIST_KEY_UILaunchStoryboardName = LaunchScreen;
				INFOPLIST_KEY_UIMainStoryboardFile = Main;
				INFOPLIST_KEY_UISupportedInterfaceOrientations_iPad = "UIInterfaceOrientationPortrait UIInterfaceOrientationPortraitUpsideDown UIInterfaceOrientationLandscapeLeft UIInterfaceOrientationLandscapeRight";
				INFOPLIST_KEY_UISupportedInterfaceOrientations_iPhone = "UIInterfaceOrientationPortrait UIInterfaceOrientationLandscapeLeft UIInterfaceOrientationLandscapeRight";
				LD_RUNPATH_SEARCH_PATHS = (
					"$(inherited)",
					"@executable_path/Frameworks",
				);
				MARKETING_VERSION = 1.0;
				PRODUCT_BUNDLE_IDENTIFIER = com.williamjiamin.CyberpunkChooserApp;
				PRODUCT_NAME = "$(TARGET_NAME)";
				SWIFT_EMIT_LOC_STRINGS = YES;
				SWIFT_VERSION = 5.0;
				TARGETED_DEVICE_FAMILY = "1,2";
			};
			name = Release;
		};
		3DA2168429136493008BF507 /* Debug */ = {
			isa = XCBuildConfiguration;
			buildSettings = {
				ALWAYS_EMBED_SWIFT_STANDARD_LIBRARIES = YES;
				BUNDLE_LOADER = "$(TEST_HOST)";
				CODE_SIGN_STYLE = Automatic;
				CURRENT_PROJECT_VERSION = 1;
				GENERATE_INFOPLIST_FILE = YES;
				IPHONEOS_DEPLOYMENT_TARGET = 16.0;
				MARKETING_VERSION = 1.0;
				PRODUCT_BUNDLE_IDENTIFIER = com.williamjiamin.CyberpunkChooserAppTests;
				PRODUCT_NAME = "$(TARGET_NAME)";
				SWIFT_EMIT_LOC_STRINGS = NO;
				SWIFT_VERSION = 5.0;
				TARGETED_DEVICE_FAMILY = "1,2";
				TEST_HOST = "$(BUILT_PRODUCTS_DIR)/CyberpunkChooserApp.app/$(BUNDLE_EXECUTABLE_FOLDER_PATH)/CyberpunkChooserApp";
			};
			name = Debug;
		};
		3DA2168529136493008BF507 /* Release */ = {
			isa = XCBuildConfiguration;
			buildSettings = {
				ALWAYS_EMBED_SWIFT_STANDARD_LIBRARIES = YES;
				BUNDLE_LOADER = "$(TEST_HOST)";
				CODE_SIGN_STYLE = Automatic;
				CURRENT_PROJECT_VERSION = 1;
				GENERATE_INFOPLIST_FILE = YES;
				IPHONEOS_DEPLOYMENT_TARGET = 16.0;
				MARKETING_VERSION = 1.0;
				PRODUCT_BUNDLE_IDENTIFIER = com.williamjiamin.CyberpunkChooserAppTests;
				PRODUCT_NAME = "$(TARGET_NAME)";
				SWIFT_EMIT_LOC_STRINGS = NO;
				SWIFT_VERSION = 5.0;
				TARGETED_DEVICE_FAMILY = "1,2";
				TEST_HOST = "$(BUILT_PRODUCTS_DIR)/CyberpunkChooserApp.app/$(BUNDLE_EXECUTABLE_FOLDER_PATH)/CyberpunkChooserApp";
			};
			name = Release;
		};
		3DA2168729136493008BF507 /* Debug */ = {
			isa = XCBuildConfiguration;
			buildSettings = {
				ALWAYS_EMBED_SWIFT_STANDARD_LIBRARIES = YES;
				CODE_SIGN_STYLE = Automatic;
				CURRENT_PROJECT_VERSION = 1;
				GENERATE_INFOPLIST_FILE = YES;
				MARKETING_VERSION = 1.0;
				PRODUCT_BUNDLE_IDENTIFIER = com.williamjiamin.CyberpunkChooserAppUITests;
				PRODUCT_NAME = "$(TARGET_NAME)";
				SWIFT_EMIT_LOC_STRINGS = NO;
				SWIFT_VERSION = 5.0;
				TARGETED_DEVICE_FAMILY = "1,2";
				TEST_TARGET_NAME = CyberpunkChooserApp;
			};
			name = Debug;
		};
		3DA2168829136493008BF507 /* Release */ = {
			isa = XCBuildConfiguration;
			buildSettings = {
				ALWAYS_EMBED_SWIFT_STANDARD_LIBRARIES = YES;
				CODE_SIGN_STYLE = Automatic;
				CURRENT_PROJECT_VERSION = 1;
				GENERATE_INFOPLIST_FILE = YES;
				MARKETING_VERSION = 1.0;
				PRODUCT_BUNDLE_IDENTIFIER = com.williamjiamin.CyberpunkChooserAppUITests;
				PRODUCT_NAME = "$(TARGET_NAME)";
				SWIFT_EMIT_LOC_STRINGS = NO;
				SWIFT_VERSION = 5.0;
				TARGETED_DEVICE_FAMILY = "1,2";
				TEST_TARGET_NAME = CyberpunkChooserApp;
			};
			name = Release;
		};
/* End XCBuildConfiguration section */

/* Begin XCConfigurationList section */
		3DA2165129136492008BF507 /* Build configuration list for PBXProject "CyberpunkChooserApp" */ = {
			isa = XCConfigurationList;
			buildConfigurations = (
				3DA2167E29136493008BF507 /* Debug */,
				3DA2167F29136493008BF507 /* Release */,
			);
			defaultConfigurationIsVisible = 0;
			defaultConfigurationName = Release;
		};
		3DA2168029136493008BF507 /* Build configuration list for PBXNativeTarget "CyberpunkChooserApp" */ = {
			isa = XCConfigurationList;
			buildConfigurations = (
				3DA2168129136493008BF507 /* Debug */,
				3DA2168229136493008BF507 /* Release */,
			);
			defaultConfigurationIsVisible = 0;
			defaultConfigurationName = Release;
		};
		3DA2168329136493008BF507 /* Build configuration list for PBXNativeTarget "CyberpunkChooserAppTests" */ = {
			isa = XCConfigurationList;
			buildConfigurations = (
				3DA2168429136493008BF507 /* Debug */,
				3DA2168529136493008BF507 /* Release */,
			);
			defaultConfigurationIsVisible = 0;
			defaultConfigurationName = Release;
		};
		3DA2168629136493008BF507 /* Build configuration list for PBXNativeTarget "CyberpunkChooserAppUITests" */ = {
			isa = XCConfigurationList;
			buildConfigurations = (
				3DA2168729136493008BF507 /* Debug */,
				3DA2168829136493008BF507 /* Release */,
			);
			defaultConfigurationIsVisible = 0;
			defaultConfigurationName = Release;
		};
/* End XCConfigurationList section */
	};
	rootObject = 3DA2164E29136492008BF507 /* Project object */;
}
